// !$*UTF8*$!
{
	archiveVersion = 1;
	classes = {
	};
	objectVersion = 56;
	objects = {

/* Begin PBXBuildFile section */
		2D37660729A9D2B000DEC3F9 /* MyCollectionViewCell.swift in Sources */ = {isa = PBXBuildFile; fileRef = 2D37660629A9D2B000DEC3F9 /* MyCollectionViewCell.swift */; };
		2D5403D8299F94F300BB2700 /* ViewController2.swift in Sources */ = {isa = PBXBuildFile; fileRef = 2D5403D7299F94F300BB2700 /* ViewController2.swift */; };
		2D7BB409299E5C09001C98DB /* AppDelegate.swift in Sources */ = {isa = PBXBuildFile; fileRef = 2D7BB408299E5C09001C98DB /* AppDelegate.swift */; };
		2D7BB40B299E5C09001C98DB /* SceneDelegate.swift in Sources */ = {isa = PBXBuildFile; fileRef = 2D7BB40A299E5C09001C98DB /* SceneDelegate.swift */; };
		2D7BB40D299E5C09001C98DB /* ViewController.swift in Sources */ = {isa = PBXBuildFile; fileRef = 2D7BB40C299E5C09001C98DB /* ViewController.swift */; };
		2D7BB410299E5C09001C98DB /* Main.storyboard in Resources */ = {isa = PBXBuildFile; fileRef = 2D7BB40E299E5C09001C98DB /* Main.storyboard */; };
		2D7BB412299E5C0A001C98DB /* Assets.xcassets in Resources */ = {isa = PBXBuildFile; fileRef = 2D7BB411299E5C0A001C98DB /* Assets.xcassets */; };
		2D7BB415299E5C0A001C98DB /* LaunchScreen.storyboard in Resources */ = {isa = PBXBuildFile; fileRef = 2D7BB413299E5C0A001C98DB /* LaunchScreen.storyboard */; };
		2DFF54D229A0A9E7005E18D2 /* GamePage.swift in Sources */ = {isa = PBXBuildFile; fileRef = 2DFF54D129A0A9E7005E18D2 /* GamePage.swift */; };
/* End PBXBuildFile section */

/* Begin PBXFileReference section */
		2D37660629A9D2B000DEC3F9 /* MyCollectionViewCell.swift */ = {isa = PBXFileReference; lastKnownFileType = sourcecode.swift; path = MyCollectionViewCell.swift; sourceTree = "<group>"; };
		2D5403D7299F94F300BB2700 /* ViewController2.swift */ = {isa = PBXFileReference; lastKnownFileType = sourcecode.swift; path = ViewController2.swift; sourceTree = "<group>"; };
		2D7BB405299E5C09001C98DB /* GamePractice.app */ = {isa = PBXFileReference; explicitFileType = wrapper.application; includeInIndex = 0; path = GamePractice.app; sourceTree = BUILT_PRODUCTS_DIR; };
		2D7BB408299E5C09001C98DB /* AppDelegate.swift */ = {isa = PBXFileReference; lastKnownFileType = sourcecode.swift; path = AppDelegate.swift; sourceTree = "<group>"; };
		2D7BB40A299E5C09001C98DB /* SceneDelegate.swift */ = {isa = PBXFileReference; lastKnownFileType = sourcecode.swift; path = SceneDelegate.swift; sourceTree = "<group>"; };
		2D7BB40C299E5C09001C98DB /* ViewController.swift */ = {isa = PBXFileReference; lastKnownFileType = sourcecode.swift; path = ViewController.swift; sourceTree = "<group>"; };
		2D7BB40F299E5C09001C98DB /* Base */ = {isa = PBXFileReference; lastKnownFileType = file.storyboard; name = Base; path = Base.lproj/Main.storyboard; sourceTree = "<group>"; };
		2D7BB411299E5C0A001C98DB /* Assets.xcassets */ = {isa = PBXFileReference; lastKnownFileType = folder.assetcatalog; path = Assets.xcassets; sourceTree = "<group>"; };
		2D7BB414299E5C0A001C98DB /* Base */ = {isa = PBXFileReference; lastKnownFileType = file.storyboard; name = Base; path = Base.lproj/LaunchScreen.storyboard; sourceTree = "<group>"; };
		2D7BB416299E5C0A001C98DB /* Info.plist */ = {isa = PBXFileReference; lastKnownFileType = text.plist.xml; path = Info.plist; sourceTree = "<group>"; };
		2DFF54D129A0A9E7005E18D2 /* GamePage.swift */ = {isa = PBXFileReference; lastKnownFileType = sourcecode.swift; path = GamePage.swift; sourceTree = "<group>"; };
/* End PBXFileReference section */

/* Begin PBXFrameworksBuildPhase section */
		2D7BB402299E5C09001C98DB /* Frameworks */ = {
			isa = PBXFrameworksBuildPhase;
			buildActionMask = 2147483647;
			files = (
			);
			runOnlyForDeploymentPostprocessing = 0;
		};
/* End PBXFrameworksBuildPhase section */

/* Begin PBXGroup section */
		2D7BB3FC299E5C09001C98DB = {
			isa = PBXGroup;
			children = (
				2D7BB407299E5C09001C98DB /* GamePractice */,
				2D7BB406299E5C09001C98DB /* Products */,
			);
			sourceTree = "<group>";
		};
		2D7BB406299E5C09001C98DB /* Products */ = {
			isa = PBXGroup;
			children = (
				2D7BB405299E5C09001C98DB /* GamePractice.app */,
			);
			name = Products;
			sourceTree = "<group>";
		};
		2D7BB407299E5C09001C98DB /* GamePractice */ = {
			isa = PBXGroup;
			children = (
				2D7BB408299E5C09001C98DB /* AppDelegate.swift */,
				2D7BB40A299E5C09001C98DB /* SceneDelegate.swift */,
				2D7BB40C299E5C09001C98DB /* ViewController.swift */,
				2D5403D7299F94F300BB2700 /* ViewController2.swift */,
				2D7BB40E299E5C09001C98DB /* Main.storyboard */,
				2DFF54D129A0A9E7005E18D2 /* GamePage.swift */,
				2D37660629A9D2B000DEC3F9 /* MyCollectionViewCell.swift */,
				2D7BB411299E5C0A001C98DB /* Assets.xcassets */,
				2D7BB413299E5C0A001C98DB /* LaunchScreen.storyboard */,
				2D7BB416299E5C0A001C98DB /* Info.plist */,
			);
			path = GamePractice;
			sourceTree = "<group>";
		};
/* End PBXGroup section */

/* Begin PBXNativeTarget section */
		2D7BB404299E5C09001C98DB /* GamePractice */ = {
			isa = PBXNativeTarget;
			buildConfigurationList = 2D7BB419299E5C0A001C98DB /* Build configuration list for PBXNativeTarget "GamePractice" */;
			buildPhases = (
				2D7BB401299E5C09001C98DB /* Sources */,
				2D7BB402299E5C09001C98DB /* Frameworks */,
				2D7BB403299E5C09001C98DB /* Resources */,
			);
			buildRules = (
			);
			dependencies = (
			);
			name = GamePractice;
			productName = GamePractice;
			productReference = 2D7BB405299E5C09001C98DB /* GamePractice.app */;
			productType = "com.apple.product-type.application";
		};
/* End PBXNativeTarget section */

/* Begin PBXProject section */
		2D7BB3FD299E5C09001C98DB /* Project object */ = {
			isa = PBXProject;
			attributes = {
				BuildIndependentTargetsInParallel = 1;
				LastSwiftUpdateCheck = 1420;
				LastUpgradeCheck = 1420;
				TargetAttributes = {
					2D7BB404299E5C09001C98DB = {
						CreatedOnToolsVersion = 14.2;
					};
				};
			};
			buildConfigurationList = 2D7BB400299E5C09001C98DB /* Build configuration list for PBXProject "GamePractice" */;
			compatibilityVersion = "Xcode 14.0";
			developmentRegion = en;
			hasScannedForEncodings = 0;
			knownRegions = (
				en,
				Base,
			);
			mainGroup = 2D7BB3FC299E5C09001C98DB;
			productRefGroup = 2D7BB406299E5C09001C98DB /* Products */;
			projectDirPath = "";
			projectRoot = "";
			targets = (
				2D7BB404299E5C09001C98DB /* GamePractice */,
			);
		};
/* End PBXProject section */

/* Begin PBXResourcesBuildPhase section */
		2D7BB403299E5C09001C98DB /* Resources */ = {
			isa = PBXResourcesBuildPhase;
			buildActionMask = 2147483647;
			files = (
				2D7BB415299E5C0A001C98DB /* LaunchScreen.storyboard in Resources */,
				2D7BB412299E5C0A001C98DB /* Assets.xcassets in Resources */,
				2D7BB410299E5C09001C98DB /* Main.storyboard in Resources */,
			);
			runOnlyForDeploymentPostprocessing = 0;
		};
/* End PBXResourcesBuildPhase section */

/* Begin PBXSourcesBuildPhase section */
		2D7BB401299E5C09001C98DB /* Sources */ = {
			isa = PBXSourcesBuildPhase;
			buildActionMask = 2147483647;
			files = (
				2D7BB40D299E5C09001C98DB /* ViewController.swift in Sources */,
				2DFF54D229A0A9E7005E18D2 /* GamePage.swift in Sources */,
				2D37660729A9D2B000DEC3F9 /* MyCollectionViewCell.swift in Sources */,
				2D5403D8299F94F300BB2700 /* ViewController2.swift in Sources */,
				2D7BB409299E5C09001C98DB /* AppDelegate.swift in Sources */,
				2D7BB40B299E5C09001C98DB /* SceneDelegate.swift in Sources */,
			);
			runOnlyForDeploymentPostprocessing = 0;
		};
/* End PBXSourcesBuildPhase section */

/* Begin PBXVariantGroup section */
		2D7BB40E299E5C09001C98DB /* Main.storyboard */ = {
			isa = PBXVariantGroup;
			children = (
				2D7BB40F299E5C09001C98DB /* Base */,
			);
			name = Main.storyboard;
			sourceTree = "<group>";
		};
		2D7BB413299E5C0A001C98DB /* LaunchScreen.storyboard */ = {
			isa = PBXVariantGroup;
			children = (
				2D7BB414299E5C0A001C98DB /* Base */,
			);
			name = LaunchScreen.storyboard;
			sourceTree = "<group>";
		};
/* End PBXVariantGroup section */

/* Begin XCBuildConfiguration section */
		2D7BB417299E5C0A001C98DB /* Debug */ = {
			isa = XCBuildConfiguration;
			buildSettings = {
				ALWAYS_SEARCH_USER_PATHS = NO;
				CLANG_ANALYZER_NONNULL = YES;
				CLANG_ANALYZER_NUMBER_OBJECT_CONVERSION = YES_AGGRESSIVE;
				CLANG_CXX_LANGUAGE_STANDARD = "gnu++20";
				CLANG_ENABLE_MODULES = YES;
				CLANG_ENABLE_OBJC_ARC = YES;
				CLANG_ENABLE_OBJC_WEAK = YES;
				CLANG_WARN_BLOCK_CAPTURE_AUTORELEASING = YES;
				CLANG_WARN_BOOL_CONVERSION = YES;
				CLANG_WARN_COMMA = YES;
				CLANG_WARN_CONSTANT_CONVERSION = YES;
				CLANG_WARN_DEPRECATED_OBJC_IMPLEMENTATIONS = YES;
				CLANG_WARN_DIRECT_OBJC_ISA_USAGE = YES_ERROR;
				CLANG_WARN_DOCUMENTATION_COMMENTS = YES;
				CLANG_WARN_EMPTY_BODY = YES;
				CLANG_WARN_ENUM_CONVERSION = YES;
				CLANG_WARN_INFINITE_RECURSION = YES;
				CLANG_WARN_INT_CONVERSION = YES;
				CLANG_WARN_NON_LITERAL_NULL_CONVERSION = YES;
				CLANG_WARN_OBJC_IMPLICIT_RETAIN_SELF = YES;
				CLANG_WARN_OBJC_LITERAL_CONVERSION = YES;
				CLANG_WARN_OBJC_ROOT_CLASS = YES_ERROR;
				CLANG_WARN_QUOTED_INCLUDE_IN_FRAMEWORK_HEADER = YES;
				CLANG_WARN_RANGE_LOOP_ANALYSIS = YES;
				CLANG_WARN_STRICT_PROTOTYPES = YES;
				CLANG_WARN_SUSPICIOUS_MOVE = YES;
				CLANG_WARN_UNGUARDED_AVAILABILITY = YES_AGGRESSIVE;
				CLANG_WARN_UNREACHABLE_CODE = YES;
				CLANG_WARN__DUPLICATE_METHOD_MATCH = YES;
				COPY_PHASE_STRIP = NO;
				DEBUG_INFORMATION_FORMAT = dwarf;
				ENABLE_STRICT_OBJC_MSGSEND = YES;
				ENABLE_TESTABILITY = YES;
				GCC_C_LANGUAGE_STANDARD = gnu11;
				GCC_DYNAMIC_NO_PIC = NO;
				GCC_NO_COMMON_BLOCKS = YES;
				GCC_OPTIMIZATION_LEVEL = 0;
				GCC_PREPROCESSOR_DEFINITIONS = (
					"DEBUG=1",
					"$(inherited)",
				);
				GCC_WARN_64_TO_32_BIT_CONVERSION = YES;
				GCC_WARN_ABOUT_RETURN_TYPE = YES_ERROR;
				GCC_WARN_UNDECLARED_SELECTOR = YES;
				GCC_WARN_UNINITIALIZED_AUTOS = YES_AGGRESSIVE;
				GCC_WARN_UNUSED_FUNCTION = YES;
				GCC_WARN_UNUSED_VARIABLE = YES;
				IPHONEOS_DEPLOYMENT_TARGET = 16.2;
				MTL_ENABLE_DEBUG_INFO = INCLUDE_SOURCE;
				MTL_FAST_MATH = YES;
				ONLY_ACTIVE_ARCH = YES;
				SDKROOT = iphoneos;
				SWIFT_ACTIVE_COMPILATION_CONDITIONS = DEBUG;
				SWIFT_OPTIMIZATION_LEVEL = "-Onone";
			};
			name = Debug;
		};
		2D7BB418299E5C0A001C98DB /* Release */ = {
			isa = XCBuildConfiguration;
			buildSettings = {
				ALWAYS_SEARCH_USER_PATHS = NO;
				CLANG_ANALYZER_NONNULL = YES;
				CLANG_ANALYZER_NUMBER_OBJECT_CONVERSION = YES_AGGRESSIVE;
				CLANG_CXX_LANGUAGE_STANDARD = "gnu++20";
				CLANG_ENABLE_MODULES = YES;
				CLANG_ENABLE_OBJC_ARC = YES;
				CLANG_ENABLE_OBJC_WEAK = YES;
				CLANG_WARN_BLOCK_CAPTURE_AUTORELEASING = YES;
				CLANG_WARN_BOOL_CONVERSION = YES;
				CLANG_WARN_COMMA = YES;
				CLANG_WARN_CONSTANT_CONVERSION = YES;
				CLANG_WARN_DEPRECATED_OBJC_IMPLEMENTATIONS = YES;
				CLANG_WARN_DIRECT_OBJC_ISA_USAGE = YES_ERROR;
				CLANG_WARN_DOCUMENTATION_COMMENTS = YES;
				CLANG_WARN_EMPTY_BODY = YES;
				CLANG_WARN_ENUM_CONVERSION = YES;
				CLANG_WARN_INFINITE_RECURSION = YES;
				CLANG_WARN_INT_CONVERSION = YES;
				CLANG_WARN_NON_LITERAL_NULL_CONVERSION = YES;
				CLANG_WARN_OBJC_IMPLICIT_RETAIN_SELF = YES;
				CLANG_WARN_OBJC_LITERAL_CONVERSION = YES;
				CLANG_WARN_OBJC_ROOT_CLASS = YES_ERROR;
				CLANG_WARN_QUOTED_INCLUDE_IN_FRAMEWORK_HEADER = YES;
				CLANG_WARN_RANGE_LOOP_ANALYSIS = YES;
				CLANG_WARN_STRICT_PROTOTYPES = YES;
				CLANG_WARN_SUSPICIOUS_MOVE = YES;
				CLANG_WARN_UNGUARDED_AVAILABILITY = YES_AGGRESSIVE;
				CLANG_WARN_UNREACHABLE_CODE = YES;
				CLANG_WARN__DUPLICATE_METHOD_MATCH = YES;
				COPY_PHASE_STRIP = NO;
				DEBUG_INFORMATION_FORMAT = "dwarf-with-dsym";
				ENABLE_NS_ASSERTIONS = NO;
				ENABLE_STRICT_OBJC_MSGSEND = YES;
				GCC_C_LANGUAGE_STANDARD = gnu11;
				GCC_NO_COMMON_BLOCKS = YES;
				GCC_WARN_64_TO_32_BIT_CONVERSION = YES;
				GCC_WARN_ABOUT_RETURN_TYPE = YES_ERROR;
				GCC_WARN_UNDECLARED_SELECTOR = YES;
				GCC_WARN_UNINITIALIZED_AUTOS = YES_AGGRESSIVE;
				GCC_WARN_UNUSED_FUNCTION = YES;
				GCC_WARN_UNUSED_VARIABLE = YES;
				IPHONEOS_DEPLOYMENT_TARGET = 16.2;
				MTL_ENABLE_DEBUG_INFO = NO;
				MTL_FAST_MATH = YES;
				SDKROOT = iphoneos;
				SWIFT_COMPILATION_MODE = wholemodule;
				SWIFT_OPTIMIZATION_LEVEL = "-O";
				VALIDATE_PRODUCT = YES;
			};
			name = Release;
		};
		2D7BB41A299E5C0A001C98DB /* Debug */ = {
			isa = XCBuildConfiguration;
			buildSettings = {
				ASSETCATALOG_COMPILER_APPICON_NAME = AppIcon;
				ASSETCATALOG_COMPILER_GLOBAL_ACCENT_COLOR_NAME = AccentColor;
				CODE_SIGN_STYLE = Automatic;
				CURRENT_PROJECT_VERSION = 1;
				DEVELOPMENT_TEAM = 3D7UQM8T2A;
				GENERATE_INFOPLIST_FILE = YES;
				INFOPLIST_FILE = GamePractice/Info.plist;
				INFOPLIST_KEY_UIApplicationSupportsIndirectInputEvents = YES;
				INFOPLIST_KEY_UILaunchStoryboardName = LaunchScreen;
				INFOPLIST_KEY_UIMainStoryboardFile = Main;
				INFOPLIST_KEY_UISupportedInterfaceOrientations_iPad = "UIInterfaceOrientationPortrait UIInterfaceOrientationPortraitUpsideDown UIInterfaceOrientationLandscapeLeft UIInterfaceOrientationLandscapeRight";
				INFOPLIST_KEY_UISupportedInterfaceOrientations_iPhone = "UIInterfaceOrientationPortrait UIInterfaceOrientationLandscapeLeft UIInterfaceOrientationLandscapeRight";
				LD_RUNPATH_SEARCH_PATHS = (
					"$(inherited)",
					"@executable_path/Frameworks",
				);
				MARKETING_VERSION = 1.0;
				PRODUCT_BUNDLE_IDENTIFIER = com.dipika.GamePractice;
				PRODUCT_NAME = "$(TARGET_NAME)";
				SWIFT_EMIT_LOC_STRINGS = YES;
				SWIFT_VERSION = 5.0;
				TARGETED_DEVICE_FAMILY = "1,2";
			};
			name = Debug;
		};
		2D7BB41B299E5C0A001C98DB /* Release */ = {
			isa = XCBuildConfiguration;
			buildSettings = {
				ASSETCATALOG_COMPILER_APPICON_NAME = AppIcon;
				ASSETCATALOG_COMPILER_GLOBAL_ACCENT_COLOR_NAME = AccentColor;
				CODE_SIGN_STYLE = Automatic;
				CURRENT_PROJECT_VERSION = 1;
				DEVELOPMENT_TEAM = 3D7UQM8T2A;
				GENERATE_INFOPLIST_FILE = YES;
				INFOPLIST_FILE = GamePractice/Info.plist;
				INFOPLIST_KEY_UIApplicationSupportsIndirectInputEvents = YES;
				INFOPLIST_KEY_UILaunchStoryboardName = LaunchScreen;
				INFOPLIST_KEY_UIMainStoryboardFile = Main;
				INFOPLIST_KEY_UISupportedInterfaceOrientations_iPad = "UIInterfaceOrientationPortrait UIInterfaceOrientationPortraitUpsideDown UIInterfaceOrientationLandscapeLeft UIInterfaceOrientationLandscapeRight";
				INFOPLIST_KEY_UISupportedInterfaceOrientations_iPhone = "UIInterfaceOrientationPortrait UIInterfaceOrientationLandscapeLeft UIInterfaceOrientationLandscapeRight";
				LD_RUNPATH_SEARCH_PATHS = (
					"$(inherited)",
					"@executable_path/Frameworks",
				);
				MARKETING_VERSION = 1.0;
				PRODUCT_BUNDLE_IDENTIFIER = com.dipika.GamePractice;
				PRODUCT_NAME = "$(TARGET_NAME)";
				SWIFT_EMIT_LOC_STRINGS = YES;
				SWIFT_VERSION = 5.0;
				TARGETED_DEVICE_FAMILY = "1,2";
			};
			name = Release;
		};
/* End XCBuildConfiguration section */

/* Begin XCConfigurationList section */
		2D7BB400299E5C09001C98DB /* Build configuration list for PBXProject "GamePractice" */ = {
			isa = XCConfigurationList;
			buildConfigurations = (
				2D7BB417299E5C0A001C98DB /* Debug */,
				2D7BB418299E5C0A001C98DB /* Release */,
			);
			defaultConfigurationIsVisible = 0;
			defaultConfigurationName = Release;
		};
		2D7BB419299E5C0A001C98DB /* Build configuration list for PBXNativeTarget "GamePractice" */ = {
			isa = XCConfigurationList;
			buildConfigurations = (
				2D7BB41A299E5C0A001C98DB /* Debug */,
				2D7BB41B299E5C0A001C98DB /* Release */,
			);
			defaultConfigurationIsVisible = 0;
			defaultConfigurationName = Release;
		};
/* End XCConfigurationList section */
	};
	rootObject = 2D7BB3FD299E5C09001C98DB /* Project object */;
}
